<?xml version="1.0" encoding="utf-8"?>
<Project ToolsVersion="15.0" xmlns="http://schemas.microsoft.com/developer/msbuild/2003">
  <ItemGroup>
    <ClCompile Include="..\src\main.cpp">
      <Filter>Source Files</Filter>
    </ClCompile>
    <ClCompile Include="..\src\win32_dx9_main.cpp">
      <Filter>Source Files</Filter>
    </ClCompile>
    <ClCompile Include="..\deps\imgui\backends\imgui_impl_dx9.cpp">
      <Filter>deps</Filter>
    </ClCompile>
    <ClCompile Include="..\deps\imgui\backends\imgui_impl_win32.cpp">
      <Filter>deps</Filter>
    </ClCompile>
    <ClCompile Include="..\deps\imgui\imgui_draw.cpp">
      <Filter>deps</Filter>
    </ClCompile>
    <ClCompile Include="..\deps\imgui\imgui_widgets.cpp">
      <Filter>deps</Filter>
    </ClCompile>
    <ClCompile Include="..\deps\imgui\imgui.cpp">
      <Filter>deps</Filter>
    </ClCompile>
    <ClCompile Include="..\deps\imgui\imgui_demo.cpp">
      <Filter>deps</Filter>
    </ClCompile>
    <ClCompile Include="..\src\nti_str.cpp">
      <Filter>Source Files</Filter>
    </ClCompile>
    <ClCompile Include="..\deps\sds\win32_sds.c">
      <Filter>deps</Filter>
    </ClCompile>
    <ClCompile Include="..\deps\gbk-utf8\utf8.c">
      <Filter>deps</Filter>
    </ClCompile>
    <ClCompile Include="..\deps\redis\src\zmalloc.c">
      <Filter>deps</Filter>
    </ClCompile>
  </ItemGroup>
  <ItemGroup>
    <CustomBuild Include="CMakeLists.txt" />
  </ItemGroup>
  <ItemGroup>
    <Filter Include="Header Files">
      <UniqueIdentifier>{AE1F7974-897C-3247-B26E-D99CB065E0B1}</UniqueIdentifier>
    </Filter>
    <Filter Include="Source Files">
      <UniqueIdentifier>{949E02FE-982F-31D3-84CD-6351CD4B4346}</UniqueIdentifier>
    </Filter>
    <Filter Include="deps">
      <UniqueIdentifier>{5404de56-504c-4fe0-aea8-199b8c066805}</UniqueIdentifier>
    </Filter>
  </ItemGroup>
  <ItemGroup>
    <ClInclude Include="..\deps\imgui\backends\imgui_impl_dx9.h">
      <Filter>deps</Filter>
    </ClInclude>
    <ClInclude Include="..\deps\imgui\backends\imgui_impl_win32.h">
      <Filter>deps</Filter>
    </ClInclude>
    <ClInclude Include="..\deps\imgui\imgui_internal.h">
      <Filter>deps</Filter>
    </ClInclude>
    <ClInclude Include="..\deps\imgui\imstb_rectpack.h">
      <Filter>deps</Filter>
    </ClInclude>
    <ClInclude Include="..\deps\imgui\imstb_textedit.h">
      <Filter>deps</Filter>
    </ClInclude>
    <ClInclude Include="..\deps\imgui\imstb_truetype.h">
      <Filter>deps</Filter>
    </ClInclude>
    <ClInclude Include="..\deps\imgui\imconfig.h">
      <Filter>deps</Filter>
    </ClInclude>
    <ClInclude Include="..\deps\imgui\imgui.h">
      <Filter>deps</Filter>
    </ClInclude>
    <ClInclude Include="..\src\nti_str.h">
      <Filter>Source Files</Filter>
    </ClInclude>
  </ItemGroup>
</Project>