<?xml version="1.0" encoding="utf-8"?>
<Project ToolsVersion="15.0" xmlns="http://schemas.microsoft.com/developer/msbuild/2003">
  <ItemGroup>
    <ClCompile Include="..\src\nti_render.cpp">
      <Filter>src</Filter>
    </ClCompile>
    <ClCompile Include="..\deps\ImGuiFileDialog\ImGuiFileDialog\ImGuiFileDialog.cpp">
      <Filter>deps</Filter>
    </ClCompile>
    <ClCompile Include="..\src\ChildView.cpp">
      <Filter>src</Filter>
    </ClCompile>
    <ClCompile Include="..\src\libxhhp\src\libxhhp\hp_log.c">
      <Filter>src</Filter>
    </ClCompile>
    <ClCompile Include="..\src\MainFrm.cpp">
      <Filter>src</Filter>
    </ClCompile>
    <ClCompile Include="..\src\nti_dockbar.cpp">
      <Filter>src</Filter>
    </ClCompile>
    <ClCompile Include="..\src\nti_imgui.cpp">
      <Filter>src</Filter>
    </ClCompile>
    <ClCompile Include="..\src\nti_str.cpp">
      <Filter>src</Filter>
    </ClCompile>
    <ClCompile Include="..\src\nti_xlsx.cpp">
      <Filter>src</Filter>
    </ClCompile>
    <ClCompile Include="..\src\nti56acadmfc.cpp">
      <Filter>src</Filter>
    </ClCompile>
    <ClCompile Include="..\src\stdafx.cpp">
      <Filter>src</Filter>
    </ClCompile>
    <ClCompile Include="..\src\test_libxlsxio.c">
      <Filter>src</Filter>
    </ClCompile>
    <ClCompile Include="..\src\test_nti_imgui.cpp">
      <Filter>src</Filter>
    </ClCompile>
    <ClCompile Include="..\deps\redis\src\adlist.c">
      <Filter>deps</Filter>
    </ClCompile>
    <ClCompile Include="..\src\glad.c">
      <Filter>deps</Filter>
    </ClCompile>
    <ClCompile Include="..\deps\imgui\imgui.cpp">
      <Filter>deps</Filter>
    </ClCompile>
    <ClCompile Include="..\deps\imgui\imgui_demo.cpp">
      <Filter>deps</Filter>
    </ClCompile>
    <ClCompile Include="..\deps\imgui\imgui_draw.cpp">
      <Filter>deps</Filter>
    </ClCompile>
    <ClCompile Include="..\deps\imgui\backends\imgui_impl_win32.cpp">
      <Filter>deps</Filter>
    </ClCompile>
    <ClCompile Include="..\deps\imgui\backends\imgui_impl_opengl2.cpp">
      <Filter>deps</Filter>
    </ClCompile>
    <ClCompile Include="..\deps\imgui\imgui_widgets.cpp">
      <Filter>deps</Filter>
    </ClCompile>
    <ClCompile Include="..\deps\redis\src\zmalloc.c">
      <Filter>deps</Filter>
    </ClCompile>
    <ClCompile Include="..\deps\sds\win32_sds.c">
      <Filter>deps</Filter>
    </ClCompile>
    <ClCompile Include="..\deps\gbk-utf8\utf8.c">
      <Filter>deps</Filter>
    </ClCompile>
    <ClCompile Include="..\src\nti_cmn.cpp">
      <Filter>src</Filter>
    </ClCompile>
    <ClCompile Include="..\deps\imgui\misc\cpp\imgui_sds.cpp">
      <Filter>deps</Filter>
    </ClCompile>
    <ClCompile Include="..\src\win32_dx9_main.cpp">
      <Filter>src</Filter>
    </ClCompile>
    <ClCompile Include="..\deps\imgui\backends\imgui_impl_dx9.cpp">
      <Filter>deps</Filter>
    </ClCompile>
    <ClCompile Include="..\src\nti_imgui_dx9.cpp">
      <Filter>src</Filter>
    </ClCompile>
  </ItemGroup>
  <ItemGroup>
    <ClInclude Include="..\deps\ImGuiFileDialog\ImGuiFileDialog\ImGuiFileDialog.h">
      <Filter>deps</Filter>
    </ClInclude>
    <ClInclude Include="..\deps\ImGuiFileDialog\ImGuiFileDialog\ImGuiFileDialogConfig.h">
      <Filter>deps</Filter>
    </ClInclude>
    <ClInclude Include="..\src\AdskDMgr.h">
      <Filter>src</Filter>
    </ClInclude>
    <ClInclude Include="..\src\ChildView.h">
      <Filter>src</Filter>
    </ClInclude>
    <ClInclude Include="..\src\config.h">
      <Filter>src</Filter>
    </ClInclude>
    <ClInclude Include="..\src\MainFrm.h">
      <Filter>src</Filter>
    </ClInclude>
    <ClInclude Include="..\src\nti_arx.h">
      <Filter>src</Filter>
    </ClInclude>
    <ClInclude Include="..\src\nti_cmd.h">
      <Filter>src</Filter>
    </ClInclude>
    <ClInclude Include="..\src\nti_cmn.h">
      <Filter>src</Filter>
    </ClInclude>
    <ClInclude Include="..\src\nti_dockbar.h">
      <Filter>src</Filter>
    </ClInclude>
    <ClInclude Include="..\src\nti_imgui.h">
      <Filter>src</Filter>
    </ClInclude>
    <ClInclude Include="..\src\nti_reactor.h">
      <Filter>src</Filter>
    </ClInclude>
    <ClInclude Include="..\src\nti_render.h">
      <Filter>src</Filter>
    </ClInclude>
    <ClInclude Include="..\src\nti_str.h">
      <Filter>src</Filter>
    </ClInclude>
    <ClInclude Include="..\src\nti_xlsx.h">
      <Filter>src</Filter>
    </ClInclude>
    <ClInclude Include="..\src\nti56acadmfc.h">
      <Filter>src</Filter>
    </ClInclude>
    <ClInclude Include="..\src\stdafx.h">
      <Filter>src</Filter>
    </ClInclude>
    <ClInclude Include="..\src\strcpcvt.h">
      <Filter>src</Filter>
    </ClInclude>
    <ClInclude Include="..\src\targetver.h">
      <Filter>src</Filter>
    </ClInclude>
    <ClInclude Include="..\deps\imgui\misc\cpp\imgui_sds.h">
      <Filter>deps</Filter>
    </ClInclude>
    <ClInclude Include="resource.h" />
    <ClInclude Include="..\deps\imgui\imconfig.h">
      <Filter>deps</Filter>
    </ClInclude>
    <ClInclude Include="..\deps\imgui\backends\imgui_impl_dx9.h">
      <Filter>deps</Filter>
    </ClInclude>
    <ClInclude Include="..\src\nti_test.h">
      <Filter>src</Filter>
    </ClInclude>
  </ItemGroup>
  <ItemGroup>
    <Filter Include="deps">
      <UniqueIdentifier>{b3b1bd94-345f-4f0f-bb95-098c3a7c5f57}</UniqueIdentifier>
    </Filter>
    <Filter Include="src">
      <UniqueIdentifier>{949E02FE-982F-31D3-84CD-6351CD4B4346}</UniqueIdentifier>
    </Filter>
  </ItemGroup>
  <ItemGroup>
    <None Include="E:\home\nti56acad.arx\CMakeLists.txt" />
  </ItemGroup>
  <ItemGroup>
    <ResourceCompile Include="nti56acadmfc.rc" />
  </ItemGroup>
  <ItemGroup>
    <Image Include="res\nti56acadmfc.ico" />
    <Image Include="res\Toolbar.bmp" />
  </ItemGroup>
</Project>