<?xml version="1.0" encoding="utf-8"?>
<Project ToolsVersion="15.0" xmlns="http://schemas.microsoft.com/developer/msbuild/2003">
  <ItemGroup>
    <ClCompile Include="H:\nti56acad.arx\deps\ImGuiFileDialog\ImGuiFileDialog\ImGuiFileDialog.cpp">
      <Filter>Source Files</Filter>
    </ClCompile>
    <ClCompile Include="H:\nti56acad.arx\deps\imgui\backends\imgui_impl_opengl2.cpp">
      <Filter>Source Files</Filter>
    </ClCompile>
    <ClCompile Include="H:\nti56acad.arx\deps\imgui\backends\imgui_impl_win32.cpp">
      <Filter>Source Files</Filter>
    </ClCompile>
    <ClCompile Include="H:\nti56acad.arx\deps\imgui\imgui.cpp">
      <Filter>Source Files</Filter>
    </ClCompile>
    <ClCompile Include="H:\nti56acad.arx\deps\imgui\imgui_demo.cpp">
      <Filter>Source Files</Filter>
    </ClCompile>
    <ClCompile Include="H:\nti56acad.arx\deps\imgui\imgui_draw.cpp">
      <Filter>Source Files</Filter>
    </ClCompile>
    <ClCompile Include="H:\nti56acad.arx\deps\imgui\imgui_widgets.cpp">
      <Filter>Source Files</Filter>
    </ClCompile>
    <ClCompile Include="H:\nti56acad.arx\deps\imgui\misc\cpp\imgui_sds.cpp">
      <Filter>Source Files</Filter>
    </ClCompile>
    <ClCompile Include="H:\nti56acad.arx\deps\imgui\misc\cpp\imgui_stdlib.cpp">
      <Filter>Source Files</Filter>
    </ClCompile>
    <ClCompile Include="H:\nti56acad.arx\src\arximpl.cpp">
      <Filter>Source Files</Filter>
    </ClCompile>
    <ClCompile Include="H:\nti56acad.arx\src\glad.c">
      <Filter>Source Files</Filter>
    </ClCompile>
    <ClCompile Include="H:\nti56acad.arx\src\nti_arx.cpp">
      <Filter>Source Files</Filter>
    </ClCompile>
    <ClCompile Include="H:\nti56acad.arx\src\nti_blocksbar.cpp">
      <Filter>Source Files</Filter>
    </ClCompile>
    <ClCompile Include="H:\nti56acad.arx\src\nti_cmd.cpp">
      <Filter>Source Files</Filter>
    </ClCompile>
    <ClCompile Include="H:\nti56acad.arx\src\nti_cmn.cpp">
      <Filter>Source Files</Filter>
    </ClCompile>
    <ClCompile Include="H:\nti56acad.arx\src\nti_dockbar.cpp">
      <Filter>Source Files</Filter>
    </ClCompile>
    <ClCompile Include="H:\nti56acad.arx\src\nti_imgui.cpp">
      <Filter>Source Files</Filter>
    </ClCompile>
    <ClCompile Include="H:\nti56acad.arx\src\nti_imgui_dx9.cpp">
      <Filter>Source Files</Filter>
    </ClCompile>
    <ClCompile Include="H:\nti56acad.arx\src\nti_reactor.cpp">
      <Filter>Source Files</Filter>
    </ClCompile>
    <ClCompile Include="H:\nti56acad.arx\src\nti_render.cpp">
      <Filter>Source Files</Filter>
    </ClCompile>
    <ClCompile Include="H:\nti56acad.arx\src\nti_str.cpp">
      <Filter>Source Files</Filter>
    </ClCompile>
    <ClCompile Include="H:\nti56acad.arx\src\nti_xlsx.cpp">
      <Filter>Source Files</Filter>
    </ClCompile>
    <ClCompile Include="H:\nti56acad.arx\src\stdafx.cpp">
      <Filter>Source Files</Filter>
    </ClCompile>
    <ClCompile Include="H:\nti56acad.arx\src\test_imgui_sds.cpp">
      <Filter>Source Files</Filter>
    </ClCompile>
    <ClCompile Include="H:\nti56acad.arx\src\test_libxlsxio.c">
      <Filter>Source Files</Filter>
    </ClCompile>
    <ClCompile Include="H:\nti56acad.arx\src\test_nti_imgui.cpp">
      <Filter>Source Files</Filter>
    </ClCompile>
    <ClCompile Include="..\src\nti_EdUiContext.cpp">
      <Filter>Source Files</Filter>
    </ClCompile>
  </ItemGroup>
  <ItemGroup>
    <ClInclude Include="H:\nti56acad.arx\deps\ImGuiFileDialog\ImGuiFileDialog\ImGuiFileDialog.h">
      <Filter>Header Files</Filter>
    </ClInclude>
    <ClInclude Include="H:\nti56acad.arx\deps\ImGuiFileDialog\ImGuiFileDialog\ImGuiFileDialogConfig.h">
      <Filter>Header Files</Filter>
    </ClInclude>
    <ClInclude Include="H:\nti56acad.arx\src\AdskDMgr.h">
      <Filter>Header Files</Filter>
    </ClInclude>
    <ClInclude Include="H:\nti56acad.arx\src\config.h">
      <Filter>Header Files</Filter>
    </ClInclude>
    <ClInclude Include="H:\nti56acad.arx\src\nti_EdUiContext.h">
      <Filter>Header Files</Filter>
    </ClInclude>
    <ClInclude Include="H:\nti56acad.arx\src\nti_arx.h">
      <Filter>Header Files</Filter>
    </ClInclude>
    <ClInclude Include="H:\nti56acad.arx\src\nti_blocksbar.h">
      <Filter>Header Files</Filter>
    </ClInclude>
    <ClInclude Include="H:\nti56acad.arx\src\nti_cmd.h">
      <Filter>Header Files</Filter>
    </ClInclude>
    <ClInclude Include="H:\nti56acad.arx\src\nti_cmn.h">
      <Filter>Header Files</Filter>
    </ClInclude>
    <ClInclude Include="H:\nti56acad.arx\src\nti_datalinksdlg.h">
      <Filter>Header Files</Filter>
    </ClInclude>
    <ClInclude Include="H:\nti56acad.arx\src\nti_dockbar.h">
      <Filter>Header Files</Filter>
    </ClInclude>
    <ClInclude Include="H:\nti56acad.arx\src\nti_imgui.h">
      <Filter>Header Files</Filter>
    </ClInclude>
    <ClInclude Include="H:\nti56acad.arx\src\nti_reactor.h">
      <Filter>Header Files</Filter>
    </ClInclude>
    <ClInclude Include="H:\nti56acad.arx\src\nti_render.h">
      <Filter>Header Files</Filter>
    </ClInclude>
    <ClInclude Include="H:\nti56acad.arx\src\nti_str.h">
      <Filter>Header Files</Filter>
    </ClInclude>
    <ClInclude Include="H:\nti56acad.arx\src\nti_test.h">
      <Filter>Header Files</Filter>
    </ClInclude>
    <ClInclude Include="H:\nti56acad.arx\src\nti_xlsx.h">
      <Filter>Header Files</Filter>
    </ClInclude>
    <ClInclude Include="H:\nti56acad.arx\src\resource.h">
      <Filter>Header Files</Filter>
    </ClInclude>
    <ClInclude Include="H:\nti56acad.arx\src\resource1.h">
      <Filter>Header Files</Filter>
    </ClInclude>
    <ClInclude Include="H:\nti56acad.arx\src\stdafx.h">
      <Filter>Header Files</Filter>
    </ClInclude>
    <ClInclude Include="H:\nti56acad.arx\src\targetver.h">
      <Filter>Header Files</Filter>
    </ClInclude>
  </ItemGroup>
  <ItemGroup>
    <CustomBuild Include="H:\nti56acad.arx\CMakeLists.txt" />
  </ItemGroup>
  <ItemGroup>
    <Filter Include="Header Files">
      <UniqueIdentifier>{56C20AF2-0CDF-3DE8-B025-59143323DA18}</UniqueIdentifier>
    </Filter>
    <Filter Include="Source Files">
      <UniqueIdentifier>{B9395AE0-7602-383A-A111-274FAB89CF33}</UniqueIdentifier>
    </Filter>
  </ItemGroup>
</Project>